
Microsoft Visual Studio Solution File, Format Version 12.00
# Visual Studio 15
VisualStudioVersion = 15.0.25807.0
MinimumVisualStudioVersion = 10.0.40219.1
Project("{2150E333-8FDC-42A3-9474-1A3956D46DE8}") = "Engine", "Engine", "{ACCFC293-80E2-492C-9E35-97CEB5DEB201}"
EndProject
Project("{2150E333-8FDC-42A3-9474-1A3956D46DE8}") = "Games", "Games", "{7ACE7E18-C73A-4977-9BB5-440578FC67C6}"
EndProject
Project("{8BC9CEB8-8B4A-11D0-8D11-00A0C91BC942}") = "UE4", "Intermediate\ProjectFiles\UE4.vcxproj", "{EAE0A516-9A86-4DB3-8EE1-33450829EE0E}"
EndProject
Project("{8BC9CEB8-8B4A-11D0-8D11-00A0C91BC942}") = "MobilePluginTest", "Intermediate\ProjectFiles\MobilePluginTest.vcxproj", "{E90C8822-428B-4402-A64B-EBA26C8FBB19}"
EndProject
Global
	GlobalSection(SolutionConfigurationPlatforms) = preSolution
		DebugGame Editor|Android = DebugGame Editor|Android
		DebugGame Editor|HTML5 = DebugGame Editor|HTML5
		DebugGame Editor|Win32 = DebugGame Editor|Win32
		DebugGame Editor|Win64 = DebugGame Editor|Win64
		DebugGame|Android = DebugGame|Android
		DebugGame|HTML5 = DebugGame|HTML5
		DebugGame|Win32 = DebugGame|Win32
		DebugGame|Win64 = DebugGame|Win64
		Development Editor|Android = Development Editor|Android
		Development Editor|HTML5 = Development Editor|HTML5
		Development Editor|Win32 = Development Editor|Win32
		Development Editor|Win64 = Development Editor|Win64
		Development|Android = Development|Android
		Development|HTML5 = Development|HTML5
		Development|Win32 = Development|Win32
		Development|Win64 = Development|Win64
		Shipping|Android = Shipping|Android
		Shipping|HTML5 = Shipping|HTML5
		Shipping|Win32 = Shipping|Win32
		Shipping|Win64 = Shipping|Win64
	EndGlobalSection
	GlobalSection(ProjectConfigurationPlatforms) = postSolution
		{EAE0A516-9A86-4DB3-8EE1-33450829EE0E}.DebugGame Editor|Android.ActiveCfg = BuiltWithUnrealBuildTool|Win32
		{EAE0A516-9A86-4DB3-8EE1-33450829EE0E}.DebugGame Editor|Android.Build.0 = BuiltWithUnrealBuildTool|Win32
		{EAE0A516-9A86-4DB3-8EE1-33450829EE0E}.DebugGame Editor|HTML5.ActiveCfg = BuiltWithUnrealBuildTool|Win32
		{EAE0A516-9A86-4DB3-8EE1-33450829EE0E}.DebugGame Editor|HTML5.Build.0 = BuiltWithUnrealBuildTool|Win32
		{EAE0A516-9A86-4DB3-8EE1-33450829EE0E}.DebugGame Editor|Win32.ActiveCfg = BuiltWithUnrealBuildTool|Win32
		{EAE0A516-9A86-4DB3-8EE1-33450829EE0E}.DebugGame Editor|Win32.Build.0 = BuiltWithUnrealBuildTool|Win32
		{EAE0A516-9A86-4DB3-8EE1-33450829EE0E}.DebugGame Editor|Win64.ActiveCfg = BuiltWithUnrealBuildTool|Win32
		{EAE0A516-9A86-4DB3-8EE1-33450829EE0E}.DebugGame Editor|Win64.Build.0 = BuiltWithUnrealBuildTool|Win32
		{EAE0A516-9A86-4DB3-8EE1-33450829EE0E}.DebugGame|Android.ActiveCfg = BuiltWithUnrealBuildTool|Win32
		{EAE0A516-9A86-4DB3-8EE1-33450829EE0E}.DebugGame|Android.Build.0 = BuiltWithUnrealBuildTool|Win32
		{EAE0A516-9A86-4DB3-8EE1-33450829EE0E}.DebugGame|HTML5.ActiveCfg = BuiltWithUnrealBuildTool|Win32
		{EAE0A516-9A86-4DB3-8EE1-33450829EE0E}.DebugGame|HTML5.Build.0 = BuiltWithUnrealBuildTool|Win32
		{EAE0A516-9A86-4DB3-8EE1-33450829EE0E}.DebugGame|Win32.ActiveCfg = BuiltWithUnrealBuildTool|Win32
		{EAE0A516-9A86-4DB3-8EE1-33450829EE0E}.DebugGame|Win32.Build.0 = BuiltWithUnrealBuildTool|Win32
		{EAE0A516-9A86-4DB3-8EE1-33450829EE0E}.DebugGame|Win64.ActiveCfg = BuiltWithUnrealBuildTool|Win32
		{EAE0A516-9A86-4DB3-8EE1-33450829EE0E}.DebugGame|Win64.Build.0 = BuiltWithUnrealBuildTool|Win32
		{EAE0A516-9A86-4DB3-8EE1-33450829EE0E}.Development Editor|Android.ActiveCfg = BuiltWithUnrealBuildTool|Win32
		{EAE0A516-9A86-4DB3-8EE1-33450829EE0E}.Development Editor|Android.Build.0 = BuiltWithUnrealBuildTool|Win32
		{EAE0A516-9A86-4DB3-8EE1-33450829EE0E}.Development Editor|HTML5.ActiveCfg = BuiltWithUnrealBuildTool|Win32
		{EAE0A516-9A86-4DB3-8EE1-33450829EE0E}.Development Editor|HTML5.Build.0 = BuiltWithUnrealBuildTool|Win32
		{EAE0A516-9A86-4DB3-8EE1-33450829EE0E}.Development Editor|Win32.ActiveCfg = BuiltWithUnrealBuildTool|Win32
		{EAE0A516-9A86-4DB3-8EE1-33450829EE0E}.Development Editor|Win32.Build.0 = BuiltWithUnrealBuildTool|Win32
		{EAE0A516-9A86-4DB3-8EE1-33450829EE0E}.Development Editor|Win64.ActiveCfg = BuiltWithUnrealBuildTool|Win32
		{EAE0A516-9A86-4DB3-8EE1-33450829EE0E}.Development Editor|Win64.Build.0 = BuiltWithUnrealBuildTool|Win32
		{EAE0A516-9A86-4DB3-8EE1-33450829EE0E}.Development|Android.ActiveCfg = BuiltWithUnrealBuildTool|Win32
		{EAE0A516-9A86-4DB3-8EE1-33450829EE0E}.Development|Android.Build.0 = BuiltWithUnrealBuildTool|Win32
		{EAE0A516-9A86-4DB3-8EE1-33450829EE0E}.Development|HTML5.ActiveCfg = BuiltWithUnrealBuildTool|Win32
		{EAE0A516-9A86-4DB3-8EE1-33450829EE0E}.Development|HTML5.Build.0 = BuiltWithUnrealBuildTool|Win32
		{EAE0A516-9A86-4DB3-8EE1-33450829EE0E}.Development|Win32.ActiveCfg = BuiltWithUnrealBuildTool|Win32
		{EAE0A516-9A86-4DB3-8EE1-33450829EE0E}.Development|Win32.Build.0 = BuiltWithUnrealBuildTool|Win32
		{EAE0A516-9A86-4DB3-8EE1-33450829EE0E}.Development|Win64.ActiveCfg = BuiltWithUnrealBuildTool|Win32
		{EAE0A516-9A86-4DB3-8EE1-33450829EE0E}.Development|Win64.Build.0 = BuiltWithUnrealBuildTool|Win32
		{EAE0A516-9A86-4DB3-8EE1-33450829EE0E}.Shipping|Android.ActiveCfg = BuiltWithUnrealBuildTool|Win32
		{EAE0A516-9A86-4DB3-8EE1-33450829EE0E}.Shipping|Android.Build.0 = BuiltWithUnrealBuildTool|Win32
		{EAE0A516-9A86-4DB3-8EE1-33450829EE0E}.Shipping|HTML5.ActiveCfg = BuiltWithUnrealBuildTool|Win32
		{EAE0A516-9A86-4DB3-8EE1-33450829EE0E}.Shipping|HTML5.Build.0 = BuiltWithUnrealBuildTool|Win32
		{EAE0A516-9A86-4DB3-8EE1-33450829EE0E}.Shipping|Win32.ActiveCfg = BuiltWithUnrealBuildTool|Win32
		{EAE0A516-9A86-4DB3-8EE1-33450829EE0E}.Shipping|Win32.Build.0 = BuiltWithUnrealBuildTool|Win32
		{EAE0A516-9A86-4DB3-8EE1-33450829EE0E}.Shipping|Win64.ActiveCfg = BuiltWithUnrealBuildTool|Win32
		{EAE0A516-9A86-4DB3-8EE1-33450829EE0E}.Shipping|Win64.Build.0 = BuiltWithUnrealBuildTool|Win32
		{E90C8822-428B-4402-A64B-EBA26C8FBB19}.DebugGame Editor|Android.ActiveCfg = Android_DebugGame_Editor|Win32
		{E90C8822-428B-4402-A64B-EBA26C8FBB19}.DebugGame Editor|HTML5.ActiveCfg = HTML5_DebugGame_Editor|Win32
		{E90C8822-428B-4402-A64B-EBA26C8FBB19}.DebugGame Editor|Win32.ActiveCfg = DebugGame_Editor|Win32
		{E90C8822-428B-4402-A64B-EBA26C8FBB19}.DebugGame Editor|Win64.ActiveCfg = DebugGame_Editor|x64
		{E90C8822-428B-4402-A64B-EBA26C8FBB19}.DebugGame Editor|Win64.Build.0 = DebugGame_Editor|x64
		{E90C8822-428B-4402-A64B-EBA26C8FBB19}.DebugGame|Android.ActiveCfg = Android_DebugGame_Game|Win32
		{E90C8822-428B-4402-A64B-EBA26C8FBB19}.DebugGame|Android.Build.0 = Android_DebugGame_Game|Win32
		{E90C8822-428B-4402-A64B-EBA26C8FBB19}.DebugGame|HTML5.ActiveCfg = HTML5_DebugGame_Game|Win32
		{E90C8822-428B-4402-A64B-EBA26C8FBB19}.DebugGame|HTML5.Build.0 = HTML5_DebugGame_Game|Win32
		{E90C8822-428B-4402-A64B-EBA26C8FBB19}.DebugGame|Win32.ActiveCfg = DebugGame_Game|Win32
		{E90C8822-428B-4402-A64B-EBA26C8FBB19}.DebugGame|Win32.Build.0 = DebugGame_Game|Win32
		{E90C8822-428B-4402-A64B-EBA26C8FBB19}.DebugGame|Win64.ActiveCfg = DebugGame_Game|x64
		{E90C8822-428B-4402-A64B-EBA26C8FBB19}.DebugGame|Win64.Build.0 = DebugGame_Game|x64
		{E90C8822-428B-4402-A64B-EBA26C8FBB19}.Development Editor|Android.ActiveCfg = Android_Development_Editor|Win32
		{E90C8822-428B-4402-A64B-EBA26C8FBB19}.Development Editor|HTML5.ActiveCfg = HTML5_Development_Editor|Win32
		{E90C8822-428B-4402-A64B-EBA26C8FBB19}.Development Editor|Win32.ActiveCfg = Development_Editor|Win32
		{E90C8822-428B-4402-A64B-EBA26C8FBB19}.Development Editor|Win64.ActiveCfg = Development_Editor|x64
		{E90C8822-428B-4402-A64B-EBA26C8FBB19}.Development Editor|Win64.Build.0 = Development_Editor|x64
		{E90C8822-428B-4402-A64B-EBA26C8FBB19}.Development|Android.ActiveCfg = Android_Development_Game|Win32
		{E90C8822-428B-4402-A64B-EBA26C8FBB19}.Development|Android.Build.0 = Android_Development_Game|Win32
		{E90C8822-428B-4402-A64B-EBA26C8FBB19}.Development|HTML5.ActiveCfg = HTML5_Development_Game|Win32
		{E90C8822-428B-4402-A64B-EBA26C8FBB19}.Development|HTML5.Build.0 = HTML5_Development_Game|Win32
		{E90C8822-428B-4402-A64B-EBA26C8FBB19}.Development|Win32.ActiveCfg = Development_Game|Win32
		{E90C8822-428B-4402-A64B-EBA26C8FBB19}.Development|Win32.Build.0 = Development_Game|Win32
		{E90C8822-428B-4402-A64B-EBA26C8FBB19}.Development|Win64.ActiveCfg = Development_Game|x64
		{E90C8822-428B-4402-A64B-EBA26C8FBB19}.Development|Win64.Build.0 = Development_Game|x64
		{E90C8822-428B-4402-A64B-EBA26C8FBB19}.Shipping|Android.ActiveCfg = Android_Shipping_Game|Win32
		{E90C8822-428B-4402-A64B-EBA26C8FBB19}.Shipping|Android.Build.0 = Android_Shipping_Game|Win32
		{E90C8822-428B-4402-A64B-EBA26C8FBB19}.Shipping|HTML5.ActiveCfg = HTML5_Shipping_Game|Win32
		{E90C8822-428B-4402-A64B-EBA26C8FBB19}.Shipping|HTML5.Build.0 = HTML5_Shipping_Game|Win32
		{E90C8822-428B-4402-A64B-EBA26C8FBB19}.Shipping|Win32.ActiveCfg = Shipping_Game|Win32
		{E90C8822-428B-4402-A64B-EBA26C8FBB19}.Shipping|Win32.Build.0 = Shipping_Game|Win32
		{E90C8822-428B-4402-A64B-EBA26C8FBB19}.Shipping|Win64.ActiveCfg = Shipping_Game|x64
		{E90C8822-428B-4402-A64B-EBA26C8FBB19}.Shipping|Win64.Build.0 = Shipping_Game|x64
	EndGlobalSection
	GlobalSection(SolutionProperties) = preSolution
		HideSolutionNode = FALSE
	EndGlobalSection
	GlobalSection(NestedProjects) = preSolution
		{EAE0A516-9A86-4DB3-8EE1-33450829EE0E} = {ACCFC293-80E2-492C-9E35-97CEB5DEB201}
		{E90C8822-428B-4402-A64B-EBA26C8FBB19} = {7ACE7E18-C73A-4977-9BB5-440578FC67C6}
	EndGlobalSection
	GlobalSection(ExtensibilityGlobals) = postSolution
		SolutionGuid = {B46AEEB4-7012-4EB0-85FC-D4FC0C692EF0}
	EndGlobalSection
EndGlobal
